# This file is generated by running "yarn install" inside your project.
# Manual changes might be lost - proceed with caution!

__metadata:
  version: 6
  cacheKey: 8

"filesource@npm:latest":
  version: 1.0.7
  resolution: "filesource@npm:1.0.7"
  dependencies:
    tmp: 0.0.23
  checksum: d1f895499b6e3766c98a21cac811924a566524e1115e73c34bcd688d83a58d58ab72db595a96bc60be8c490d136bb5d7d7ac32a65b91fd84cc3ece8d9ac5820c
  languageName: node
  linkType: hard

"pdf2png-mp2@npm:^1.0.3":
  version: 1.0.3
  resolution: "pdf2png-mp2@npm:1.0.3"
  dependencies:
    filesource: latest
    pdf_page_count: ^1.0.10
    tmp: 0.0.23
  checksum: 8b1e0f8c5872ecfe300629d6e700635bbe384f2a12053176d3c61f1f3a8c5c6701f84650b289fc21b7feda760dd059a2f6a6b2de465c55387e15d051200e1f9d
  languageName: node
  linkType: hard

"pdf2png@workspace:.":
  version: 0.0.0-use.local
  resolution: "pdf2png@workspace:."
  dependencies:
    pdf2png-mp2: ^1.0.3
  languageName: unknown
  linkType: soft

"pdf_page_count@npm:^1.0.10":
  version: 1.0.10
  resolution: "pdf_page_count@npm:1.0.10"
  dependencies:
    filesource: latest
  checksum: 55921f8bc14887c25b5af493e83c9a7b24cb1ad77b80143a26443d34a3a1214f72d82b0aa9d3d977752db835a612f02960cca3e004337a08a9730ba567bd0e4d
  languageName: node
  linkType: hard

"tmp@npm:0.0.23":
  version: 0.0.23
  resolution: "tmp@npm:0.0.23"
  checksum: 9155f356f22545081277e9ca5202feccfec6e61a84a997c0ec33957f006b155b0bb463d3bfa7f3fbb5a18d0e6d5c60ebf45bdba2c050964669dc48fe368641e9
  languageName: node
  linkType: hard
